// !$*UTF8*$!
{
	archiveVersion = 1;
	classes = {
	};
	objectVersion = 56;
	objects = {

/* Begin PBXBuildFile section */
		A76AE2C52BB231100077A872 /* Database.framework in Frameworks */ = {isa = PBXBuildFile; fileRef = A76AE2C42BB231100077A872 /* Database.framework */; };
		A76AE2C62BB231100077A872 /* Database.framework in Embed Frameworks */ = {isa = PBXBuildFile; fileRef = A76AE2C42BB231100077A872 /* Database.framework */; settings = {ATTRIBUTES = (CodeSignOnCopy, RemoveHeadersOnCopy, ); }; };
		A76AE2D42BB233180077A872 /* Clothing.swift in Sources */ = {isa = PBXBuildFile; fileRef = A76AE2D32BB233180077A872 /* Clothing.swift */; };
		A76AE2EE2BB2369B0077A872 /* DependencyInjection.framework in Frameworks */ = {isa = PBXBuildFile; fileRef = A76AE2ED2BB2369B0077A872 /* DependencyInjection.framework */; };
		A76AE2EF2BB2369B0077A872 /* DependencyInjection.framework in Embed Frameworks */ = {isa = PBXBuildFile; fileRef = A76AE2ED2BB2369B0077A872 /* DependencyInjection.framework */; settings = {ATTRIBUTES = (CodeSignOnCopy, RemoveHeadersOnCopy, ); }; };
		A76AE3102BB23BF00077A872 /* Persistence.swift in Sources */ = {isa = PBXBuildFile; fileRef = A76AE30F2BB23BF00077A872 /* Persistence.swift */; };
		A76AE3312BB23CF70077A872 /* AppDelegate.swift in Sources */ = {isa = PBXBuildFile; fileRef = A76AE3302BB23CF70077A872 /* AppDelegate.swift */; };
		A76AE3332BB23F3A0077A872 /* Models.swift in Sources */ = {isa = PBXBuildFile; fileRef = A76AE3322BB23F3A0077A872 /* Models.swift */; };
		A76AE3392BB240800077A872 /* Cabide.xcdatamodeld in Sources */ = {isa = PBXBuildFile; fileRef = A76AE3372BB240800077A872 /* Cabide.xcdatamodeld */; };
		A797C2C32BA6388800F78833 /* CabideApp.swift in Sources */ = {isa = PBXBuildFile; fileRef = A797C2C22BA6388800F78833 /* CabideApp.swift */; };
		A797C2C52BA6388800F78833 /* ContentView.swift in Sources */ = {isa = PBXBuildFile; fileRef = A797C2C42BA6388800F78833 /* ContentView.swift */; };
		A797C2C72BA6388900F78833 /* Assets.xcassets in Resources */ = {isa = PBXBuildFile; fileRef = A797C2C62BA6388900F78833 /* Assets.xcassets */; };
		A797C2CA2BA6388900F78833 /* Preview Assets.xcassets in Resources */ = {isa = PBXBuildFile; fileRef = A797C2C92BA6388900F78833 /* Preview Assets.xcassets */; };
/* End PBXBuildFile section */

/* Begin PBXCopyFilesBuildPhase section */
		A76AE2C72BB231100077A872 /* Embed Frameworks */ = {
			isa = PBXCopyFilesBuildPhase;
			buildActionMask = 2147483647;
			dstPath = "";
			dstSubfolderSpec = 10;
			files = (
				A76AE2C62BB231100077A872 /* Database.framework in Embed Frameworks */,
				A76AE2EF2BB2369B0077A872 /* DependencyInjection.framework in Embed Frameworks */,
			);
			name = "Embed Frameworks";
			runOnlyForDeploymentPostprocessing = 0;
		};
/* End PBXCopyFilesBuildPhase section */

/* Begin PBXFileReference section */
		A76AE2C42BB231100077A872 /* Database.framework */ = {isa = PBXFileReference; explicitFileType = wrapper.framework; path = Database.framework; sourceTree = BUILT_PRODUCTS_DIR; };
		A76AE2D32BB233180077A872 /* Clothing.swift */ = {isa = PBXFileReference; lastKnownFileType = sourcecode.swift; path = Clothing.swift; sourceTree = "<group>"; };
		A76AE2ED2BB2369B0077A872 /* DependencyInjection.framework */ = {isa = PBXFileReference; explicitFileType = wrapper.framework; path = DependencyInjection.framework; sourceTree = BUILT_PRODUCTS_DIR; };
		A76AE30F2BB23BF00077A872 /* Persistence.swift */ = {isa = PBXFileReference; lastKnownFileType = sourcecode.swift; path = Persistence.swift; sourceTree = "<group>"; };
		A76AE3302BB23CF70077A872 /* AppDelegate.swift */ = {isa = PBXFileReference; lastKnownFileType = sourcecode.swift; path = AppDelegate.swift; sourceTree = "<group>"; };
		A76AE3322BB23F3A0077A872 /* Models.swift */ = {isa = PBXFileReference; lastKnownFileType = sourcecode.swift; path = Models.swift; sourceTree = "<group>"; };
		A76AE3382BB240800077A872 /* Cabide.xcdatamodel */ = {isa = PBXFileReference; lastKnownFileType = wrapper.xcdatamodel; path = Cabide.xcdatamodel; sourceTree = "<group>"; };
		A797C2BF2BA6388800F78833 /* Cabide.app */ = {isa = PBXFileReference; explicitFileType = wrapper.application; includeInIndex = 0; path = Cabide.app; sourceTree = BUILT_PRODUCTS_DIR; };
		A797C2C22BA6388800F78833 /* CabideApp.swift */ = {isa = PBXFileReference; lastKnownFileType = sourcecode.swift; path = CabideApp.swift; sourceTree = "<group>"; };
		A797C2C42BA6388800F78833 /* ContentView.swift */ = {isa = PBXFileReference; lastKnownFileType = sourcecode.swift; path = ContentView.swift; sourceTree = "<group>"; };
		A797C2C62BA6388900F78833 /* Assets.xcassets */ = {isa = PBXFileReference; lastKnownFileType = folder.assetcatalog; path = Assets.xcassets; sourceTree = "<group>"; };
		A797C2C92BA6388900F78833 /* Preview Assets.xcassets */ = {isa = PBXFileReference; lastKnownFileType = folder.assetcatalog; path = "Preview Assets.xcassets"; sourceTree = "<group>"; };
/* End PBXFileReference section */

/* Begin PBXFrameworksBuildPhase section */
		A797C2BC2BA6388800F78833 /* Frameworks */ = {
			isa = PBXFrameworksBuildPhase;
			buildActionMask = 2147483647;
			files = (
				A76AE2C52BB231100077A872 /* Database.framework in Frameworks */,
				A76AE2EE2BB2369B0077A872 /* DependencyInjection.framework in Frameworks */,
			);
			runOnlyForDeploymentPostprocessing = 0;
		};
/* End PBXFrameworksBuildPhase section */

/* Begin PBXGroup section */
		A76AE2C32BB231100077A872 /* Frameworks */ = {
			isa = PBXGroup;
			children = (
				A76AE2ED2BB2369B0077A872 /* DependencyInjection.framework */,
				A76AE2C42BB231100077A872 /* Database.framework */,
			);
			name = Frameworks;
			sourceTree = "<group>";
		};
		A76AE2D22BB232E80077A872 /* Models */ = {
			isa = PBXGroup;
			children = (
				A76AE2D32BB233180077A872 /* Clothing.swift */,
				A76AE3322BB23F3A0077A872 /* Models.swift */,
			);
			path = Models;
			sourceTree = "<group>";
		};
		A797C2B62BA6388800F78833 = {
			isa = PBXGroup;
			children = (
				A797C2C12BA6388800F78833 /* Cabide */,
				A797C2C02BA6388800F78833 /* Products */,
				A76AE2C32BB231100077A872 /* Frameworks */,
			);
			sourceTree = "<group>";
		};
		A797C2C02BA6388800F78833 /* Products */ = {
			isa = PBXGroup;
			children = (
				A797C2BF2BA6388800F78833 /* Cabide.app */,
			);
			name = Products;
			sourceTree = "<group>";
		};
		A797C2C12BA6388800F78833 /* Cabide */ = {
			isa = PBXGroup;
			children = (
				A797C2C22BA6388800F78833 /* CabideApp.swift */,
				A76AE3302BB23CF70077A872 /* AppDelegate.swift */,
				A76AE30F2BB23BF00077A872 /* Persistence.swift */,
				A797C2C42BA6388800F78833 /* ContentView.swift */,
				A76AE2D22BB232E80077A872 /* Models */,
				A797C2C82BA6388900F78833 /* Preview Content */,
				A76AE3372BB240800077A872 /* Cabide.xcdatamodeld */,
				A797C2C62BA6388900F78833 /* Assets.xcassets */,
			);
			path = Cabide;
			sourceTree = "<group>";
		};
		A797C2C82BA6388900F78833 /* Preview Content */ = {
			isa = PBXGroup;
			children = (
				A797C2C92BA6388900F78833 /* Preview Assets.xcassets */,
			);
			path = "Preview Content";
			sourceTree = "<group>";
		};
/* End PBXGroup section */

/* Begin PBXNativeTarget section */
		A797C2BE2BA6388800F78833 /* Cabide */ = {
			isa = PBXNativeTarget;
			buildConfigurationList = A797C2CD2BA6388900F78833 /* Build configuration list for PBXNativeTarget "Cabide" */;
			buildPhases = (
				A797C2BB2BA6388800F78833 /* Sources */,
				A797C2BC2BA6388800F78833 /* Frameworks */,
				A797C2BD2BA6388800F78833 /* Resources */,
				A76AE2C72BB231100077A872 /* Embed Frameworks */,
			);
			buildRules = (
			);
			dependencies = (
			);
			name = Cabide;
			productName = Cabide;
			productReference = A797C2BF2BA6388800F78833 /* Cabide.app */;
			productType = "com.apple.product-type.application";
		};
/* End PBXNativeTarget section */

/* Begin PBXProject section */
		A797C2B72BA6388800F78833 /* Project object */ = {
			isa = PBXProject;
			attributes = {
				BuildIndependentTargetsInParallel = 1;
				LastSwiftUpdateCheck = 1530;
				LastUpgradeCheck = 1530;
				TargetAttributes = {
					A797C2BE2BA6388800F78833 = {
						CreatedOnToolsVersion = 15.3;
					};
				};
			};
			buildConfigurationList = A797C2BA2BA6388800F78833 /* Build configuration list for PBXProject "Cabide" */;
			compatibilityVersion = "Xcode 14.0";
			developmentRegion = en;
			hasScannedForEncodings = 0;
			knownRegions = (
				en,
				Base,
			);
			mainGroup = A797C2B62BA6388800F78833;
			productRefGroup = A797C2C02BA6388800F78833 /* Products */;
			projectDirPath = "";
			projectRoot = "";
			targets = (
				A797C2BE2BA6388800F78833 /* Cabide */,
			);
		};
/* End PBXProject section */

/* Begin PBXResourcesBuildPhase section */
		A797C2BD2BA6388800F78833 /* Resources */ = {
			isa = PBXResourcesBuildPhase;
			buildActionMask = 2147483647;
			files = (
				A797C2CA2BA6388900F78833 /* Preview Assets.xcassets in Resources */,
				A797C2C72BA6388900F78833 /* Assets.xcassets in Resources */,
			);
			runOnlyForDeploymentPostprocessing = 0;
		};
/* End PBXResourcesBuildPhase section */

/* Begin PBXSourcesBuildPhase section */
		A797C2BB2BA6388800F78833 /* Sources */ = {
			isa = PBXSourcesBuildPhase;
			buildActionMask = 2147483647;
			files = (
				A797C2C52BA6388800F78833 /* ContentView.swift in Sources */,
				A76AE3102BB23BF00077A872 /* Persistence.swift in Sources */,
				A76AE3392BB240800077A872 /* Cabide.xcdatamodeld in Sources */,
				A76AE2D42BB233180077A872 /* Clothing.swift in Sources */,
				A76AE3332BB23F3A0077A872 /* Models.swift in Sources */,
				A76AE3312BB23CF70077A872 /* AppDelegate.swift in Sources */,
				A797C2C32BA6388800F78833 /* CabideApp.swift in Sources */,
			);
			runOnlyForDeploymentPostprocessing = 0;
		};
/* End PBXSourcesBuildPhase section */

/* Begin XCBuildConfiguration section */
		A797C2CB2BA6388900F78833 /* Debug */ = {
			isa = XCBuildConfiguration;
			buildSettings = {
				ALWAYS_SEARCH_USER_PATHS = NO;
				ASSETCATALOG_COMPILER_GENERATE_SWIFT_ASSET_SYMBOL_EXTENSIONS = YES;
				CLANG_ANALYZER_NONNULL = YES;
				CLANG_ANALYZER_NUMBER_OBJECT_CONVERSION = YES_AGGRESSIVE;
				CLANG_CXX_LANGUAGE_STANDARD = "gnu++20";
				CLANG_ENABLE_MODULES = YES;
				CLANG_ENABLE_OBJC_ARC = YES;
				CLANG_ENABLE_OBJC_WEAK = YES;
				CLANG_WARN_BLOCK_CAPTURE_AUTORELEASING = YES;
				CLANG_WARN_BOOL_CONVERSION = YES;
				CLANG_WARN_COMMA = YES;
				CLANG_WARN_CONSTANT_CONVERSION = YES;
				CLANG_WARN_DEPRECATED_OBJC_IMPLEMENTATIONS = YES;
				CLANG_WARN_DIRECT_OBJC_ISA_USAGE = YES_ERROR;
				CLANG_WARN_DOCUMENTATION_COMMENTS = YES;
				CLANG_WARN_EMPTY_BODY = YES;
				CLANG_WARN_ENUM_CONVERSION = YES;
				CLANG_WARN_INFINITE_RECURSION = YES;
				CLANG_WARN_INT_CONVERSION = YES;
				CLANG_WARN_NON_LITERAL_NULL_CONVERSION = YES;
				CLANG_WARN_OBJC_IMPLICIT_RETAIN_SELF = YES;
				CLANG_WARN_OBJC_LITERAL_CONVERSION = YES;
				CLANG_WARN_OBJC_ROOT_CLASS = YES_ERROR;
				CLANG_WARN_QUOTED_INCLUDE_IN_FRAMEWORK_HEADER = YES;
				CLANG_WARN_RANGE_LOOP_ANALYSIS = YES;
				CLANG_WARN_STRICT_PROTOTYPES = YES;
				CLANG_WARN_SUSPICIOUS_MOVE = YES;
				CLANG_WARN_UNGUARDED_AVAILABILITY = YES_AGGRESSIVE;
				CLANG_WARN_UNREACHABLE_CODE = YES;
				CLANG_WARN__DUPLICATE_METHOD_MATCH = YES;
				COPY_PHASE_STRIP = NO;
				DEBUG_INFORMATION_FORMAT = dwarf;
				ENABLE_STRICT_OBJC_MSGSEND = YES;
				ENABLE_TESTABILITY = YES;
				ENABLE_USER_SCRIPT_SANDBOXING = YES;
				GCC_C_LANGUAGE_STANDARD = gnu17;
				GCC_DYNAMIC_NO_PIC = NO;
				GCC_NO_COMMON_BLOCKS = YES;
				GCC_OPTIMIZATION_LEVEL = 0;
				GCC_PREPROCESSOR_DEFINITIONS = (
					"DEBUG=1",
					"$(inherited)",
				);
				GCC_WARN_64_TO_32_BIT_CONVERSION = YES;
				GCC_WARN_ABOUT_RETURN_TYPE = YES_ERROR;
				GCC_WARN_UNDECLARED_SELECTOR = YES;
				GCC_WARN_UNINITIALIZED_AUTOS = YES_AGGRESSIVE;
				GCC_WARN_UNUSED_FUNCTION = YES;
				GCC_WARN_UNUSED_VARIABLE = YES;
				IPHONEOS_DEPLOYMENT_TARGET = 17.4;
				LOCALIZATION_PREFERS_STRING_CATALOGS = YES;
				MTL_ENABLE_DEBUG_INFO = INCLUDE_SOURCE;
				MTL_FAST_MATH = YES;
				ONLY_ACTIVE_ARCH = YES;
				SDKROOT = iphoneos;
				SWIFT_ACTIVE_COMPILATION_CONDITIONS = "DEBUG $(inherited)";
				SWIFT_OPTIMIZATION_LEVEL = "-Onone";
			};
			name = Debug;
		};
		A797C2CC2BA6388900F78833 /* Release */ = {
			isa = XCBuildConfiguration;
			buildSettings = {
				ALWAYS_SEARCH_USER_PATHS = NO;
				ASSETCATALOG_COMPILER_GENERATE_SWIFT_ASSET_SYMBOL_EXTENSIONS = YES;
				CLANG_ANALYZER_NONNULL = YES;
				CLANG_ANALYZER_NUMBER_OBJECT_CONVERSION = YES_AGGRESSIVE;
				CLANG_CXX_LANGUAGE_STANDARD = "gnu++20";
				CLANG_ENABLE_MODULES = YES;
				CLANG_ENABLE_OBJC_ARC = YES;
				CLANG_ENABLE_OBJC_WEAK = YES;
				CLANG_WARN_BLOCK_CAPTURE_AUTORELEASING = YES;
				CLANG_WARN_BOOL_CONVERSION = YES;
				CLANG_WARN_COMMA = YES;
				CLANG_WARN_CONSTANT_CONVERSION = YES;
				CLANG_WARN_DEPRECATED_OBJC_IMPLEMENTATIONS = YES;
				CLANG_WARN_DIRECT_OBJC_ISA_USAGE = YES_ERROR;
				CLANG_WARN_DOCUMENTATION_COMMENTS = YES;
				CLANG_WARN_EMPTY_BODY = YES;
				CLANG_WARN_ENUM_CONVERSION = YES;
				CLANG_WARN_INFINITE_RECURSION = YES;
				CLANG_WARN_INT_CONVERSION = YES;
				CLANG_WARN_NON_LITERAL_NULL_CONVERSION = YES;
				CLANG_WARN_OBJC_IMPLICIT_RETAIN_SELF = YES;
				CLANG_WARN_OBJC_LITERAL_CONVERSION = YES;
				CLANG_WARN_OBJC_ROOT_CLASS = YES_ERROR;
				CLANG_WARN_QUOTED_INCLUDE_IN_FRAMEWORK_HEADER = YES;
				CLANG_WARN_RANGE_LOOP_ANALYSIS = YES;
				CLANG_WARN_STRICT_PROTOTYPES = YES;
				CLANG_WARN_SUSPICIOUS_MOVE = YES;
				CLANG_WARN_UNGUARDED_AVAILABILITY = YES_AGGRESSIVE;
				CLANG_WARN_UNREACHABLE_CODE = YES;
				CLANG_WARN__DUPLICATE_METHOD_MATCH = YES;
				COPY_PHASE_STRIP = NO;
				DEBUG_INFORMATION_FORMAT = "dwarf-with-dsym";
				ENABLE_NS_ASSERTIONS = NO;
				ENABLE_STRICT_OBJC_MSGSEND = YES;
				ENABLE_USER_SCRIPT_SANDBOXING = YES;
				GCC_C_LANGUAGE_STANDARD = gnu17;
				GCC_NO_COMMON_BLOCKS = YES;
				GCC_WARN_64_TO_32_BIT_CONVERSION = YES;
				GCC_WARN_ABOUT_RETURN_TYPE = YES_ERROR;
				GCC_WARN_UNDECLARED_SELECTOR = YES;
				GCC_WARN_UNINITIALIZED_AUTOS = YES_AGGRESSIVE;
				GCC_WARN_UNUSED_FUNCTION = YES;
				GCC_WARN_UNUSED_VARIABLE = YES;
				IPHONEOS_DEPLOYMENT_TARGET = 17.4;
				LOCALIZATION_PREFERS_STRING_CATALOGS = YES;
				MTL_ENABLE_DEBUG_INFO = NO;
				MTL_FAST_MATH = YES;
				SDKROOT = iphoneos;
				SWIFT_COMPILATION_MODE = wholemodule;
				VALIDATE_PRODUCT = YES;
			};
			name = Release;
		};
		A797C2CE2BA6388900F78833 /* Debug */ = {
			isa = XCBuildConfiguration;
			buildSettings = {
				ASSETCATALOG_COMPILER_APPICON_NAME = AppIcon;
				ASSETCATALOG_COMPILER_GLOBAL_ACCENT_COLOR_NAME = AccentColor;
				CODE_SIGN_STYLE = Automatic;
				CURRENT_PROJECT_VERSION = 1;
				DEVELOPMENT_ASSET_PATHS = "\"Cabide/Preview Content\"";
				DEVELOPMENT_TEAM = 73DNAYF2TM;
				ENABLE_PREVIEWS = YES;
				GENERATE_INFOPLIST_FILE = YES;
				INFOPLIST_KEY_UIApplicationSceneManifest_Generation = YES;
				INFOPLIST_KEY_UIApplicationSupportsIndirectInputEvents = YES;
				INFOPLIST_KEY_UILaunchScreen_Generation = YES;
				INFOPLIST_KEY_UISupportedInterfaceOrientations_iPad = "UIInterfaceOrientationPortrait UIInterfaceOrientationPortraitUpsideDown UIInterfaceOrientationLandscapeLeft UIInterfaceOrientationLandscapeRight";
				INFOPLIST_KEY_UISupportedInterfaceOrientations_iPhone = "UIInterfaceOrientationPortrait UIInterfaceOrientationLandscapeLeft UIInterfaceOrientationLandscapeRight";
				LD_RUNPATH_SEARCH_PATHS = (
					"$(inherited)",
					"@executable_path/Frameworks",
				);
				MARKETING_VERSION = 1.0;
				PRODUCT_BUNDLE_IDENTIFIER = com.cabide;
				PRODUCT_NAME = "$(TARGET_NAME)";
				SWIFT_EMIT_LOC_STRINGS = YES;
				SWIFT_VERSION = 5.0;
				TARGETED_DEVICE_FAMILY = "1,2";
			};
			name = Debug;
		};
		A797C2CF2BA6388900F78833 /* Release */ = {
			isa = XCBuildConfiguration;
			buildSettings = {
				ASSETCATALOG_COMPILER_APPICON_NAME = AppIcon;
				ASSETCATALOG_COMPILER_GLOBAL_ACCENT_COLOR_NAME = AccentColor;
				CODE_SIGN_STYLE = Automatic;
				CURRENT_PROJECT_VERSION = 1;
				DEVELOPMENT_ASSET_PATHS = "\"Cabide/Preview Content\"";
				DEVELOPMENT_TEAM = 73DNAYF2TM;
				ENABLE_PREVIEWS = YES;
				GENERATE_INFOPLIST_FILE = YES;
				INFOPLIST_KEY_UIApplicationSceneManifest_Generation = YES;
				INFOPLIST_KEY_UIApplicationSupportsIndirectInputEvents = YES;
				INFOPLIST_KEY_UILaunchScreen_Generation = YES;
				INFOPLIST_KEY_UISupportedInterfaceOrientations_iPad = "UIInterfaceOrientationPortrait UIInterfaceOrientationPortraitUpsideDown UIInterfaceOrientationLandscapeLeft UIInterfaceOrientationLandscapeRight";
				INFOPLIST_KEY_UISupportedInterfaceOrientations_iPhone = "UIInterfaceOrientationPortrait UIInterfaceOrientationLandscapeLeft UIInterfaceOrientationLandscapeRight";
				LD_RUNPATH_SEARCH_PATHS = (
					"$(inherited)",
					"@executable_path/Frameworks",
				);
				MARKETING_VERSION = 1.0;
				PRODUCT_BUNDLE_IDENTIFIER = com.cabide;
				PRODUCT_NAME = "$(TARGET_NAME)";
				SWIFT_EMIT_LOC_STRINGS = YES;
				SWIFT_VERSION = 5.0;
				TARGETED_DEVICE_FAMILY = "1,2";
			};
			name = Release;
		};
/* End XCBuildConfiguration section */

/* Begin XCConfigurationList section */
		A797C2BA2BA6388800F78833 /* Build configuration list for PBXProject "Cabide" */ = {
			isa = XCConfigurationList;
			buildConfigurations = (
				A797C2CB2BA6388900F78833 /* Debug */,
				A797C2CC2BA6388900F78833 /* Release */,
			);
			defaultConfigurationIsVisible = 0;
			defaultConfigurationName = Release;
		};
		A797C2CD2BA6388900F78833 /* Build configuration list for PBXNativeTarget "Cabide" */ = {
			isa = XCConfigurationList;
			buildConfigurations = (
				A797C2CE2BA6388900F78833 /* Debug */,
				A797C2CF2BA6388900F78833 /* Release */,
			);
			defaultConfigurationIsVisible = 0;
			defaultConfigurationName = Release;
		};
/* End XCConfigurationList section */

/* Begin XCVersionGroup section */
		A76AE3372BB240800077A872 /* Cabide.xcdatamodeld */ = {
			isa = XCVersionGroup;
			children = (
				A76AE3382BB240800077A872 /* Cabide.xcdatamodel */,
			);
			currentVersion = A76AE3382BB240800077A872 /* Cabide.xcdatamodel */;
			name = Cabide.xcdatamodeld;
			path = /Users/gabrielmedeirosmartins/Documents/prog/swift/cabide/Cabide/Cabide/Cabide.xcdatamodeld;
			sourceTree = "<group>";
			versionGroupType = wrapper.xcdatamodel;
		};
/* End XCVersionGroup section */
	};
	rootObject = A797C2B72BA6388800F78833 /* Project object */;
}
